
Microsoft Visual Studio Solution File, Format Version 12.00
# Visual Studio Version 17
VisualStudioVersion = 17.14.36109.1
MinimumVisualStudioVersion = 10.0.40219.1
Project("{2150E333-8FDC-42A3-9474-1A3956D46DE8}") = "Api", "Api", "{02EA681E-C7D8-13C7-8484-4AC65E1B71E8}"
EndProject
Project("{2150E333-8FDC-42A3-9474-1A3956D46DE8}") = "Core", "Core", "{ECA1201A-00AD-44B6-BC08-9D2D65F82DA5}"
EndProject
Project("{FAE04EC0-301F-11D3-BF4B-00C04F79EFBC}") = "Task_Domain", "Tasks_Domain\Task_Domain.csproj", "{6E5069C3-08AF-4355-91FE-2602482056CF}"
EndProject
Project("{FAE04EC0-301F-11D3-BF4B-00C04F79EFBC}") = "Task_Application", "Task_Application\Task_Application.csproj", "{59CF6654-DAE9-4A3D-BB17-FA518930AE68}"
EndProject
Project("{FAE04EC0-301F-11D3-BF4B-00C04F79EFBC}") = "Task_Infrastructure", "Task_Infrastructure\Task_Infrastructure.csproj", "{FC7E58DA-69FB-4F52-BE25-B278ECD3F2D0}"
EndProject
Project("{2150E333-8FDC-42A3-9474-1A3956D46DE8}") = "Src", "Src", "{6DEE506D-1934-4A3D-8AB5-B8B2F8AA3A00}"
EndProject
Project("{2150E333-8FDC-42A3-9474-1A3956D46DE8}") = "Test", "Test", "{50184820-B512-4DBF-B7D9-29315876183B}"
EndProject
Project("{2150E333-8FDC-42A3-9474-1A3956D46DE8}") = "Infrastructure", "Infrastructure", "{77CADAEF-655C-4857-B436-3CA0BA22641E}"
EndProject
Project("{FAE04EC0-301F-11D3-BF4B-00C04F79EFBC}") = "Task_Api", "Task_Api\Task_Api.csproj", "{0B5B0D6B-E513-41AA-B94E-EB3795759B10}"
EndProject
Project("{FAE04EC0-301F-11D3-BF4B-00C04F79EFBC}") = "Task_Persistence", "Task_Persistence\Task_Persistence.csproj", "{1C5D52D6-3AFC-4967-A26C-B95020AEA63F}"
EndProject
Global
	GlobalSection(SolutionConfigurationPlatforms) = preSolution
		Debug|Any CPU = Debug|Any CPU
		Release|Any CPU = Release|Any CPU
	EndGlobalSection
	GlobalSection(ProjectConfigurationPlatforms) = postSolution
		{6E5069C3-08AF-4355-91FE-2602482056CF}.Debug|Any CPU.ActiveCfg = Debug|Any CPU
		{6E5069C3-08AF-4355-91FE-2602482056CF}.Debug|Any CPU.Build.0 = Debug|Any CPU
		{6E5069C3-08AF-4355-91FE-2602482056CF}.Release|Any CPU.ActiveCfg = Release|Any CPU
		{6E5069C3-08AF-4355-91FE-2602482056CF}.Release|Any CPU.Build.0 = Release|Any CPU
		{59CF6654-DAE9-4A3D-BB17-FA518930AE68}.Debug|Any CPU.ActiveCfg = Debug|Any CPU
		{59CF6654-DAE9-4A3D-BB17-FA518930AE68}.Debug|Any CPU.Build.0 = Debug|Any CPU
		{59CF6654-DAE9-4A3D-BB17-FA518930AE68}.Release|Any CPU.ActiveCfg = Release|Any CPU
		{59CF6654-DAE9-4A3D-BB17-FA518930AE68}.Release|Any CPU.Build.0 = Release|Any CPU
		{FC7E58DA-69FB-4F52-BE25-B278ECD3F2D0}.Debug|Any CPU.ActiveCfg = Debug|Any CPU
		{FC7E58DA-69FB-4F52-BE25-B278ECD3F2D0}.Debug|Any CPU.Build.0 = Debug|Any CPU
		{FC7E58DA-69FB-4F52-BE25-B278ECD3F2D0}.Release|Any CPU.ActiveCfg = Release|Any CPU
		{FC7E58DA-69FB-4F52-BE25-B278ECD3F2D0}.Release|Any CPU.Build.0 = Release|Any CPU
		{0B5B0D6B-E513-41AA-B94E-EB3795759B10}.Debug|Any CPU.ActiveCfg = Debug|Any CPU
		{0B5B0D6B-E513-41AA-B94E-EB3795759B10}.Debug|Any CPU.Build.0 = Debug|Any CPU
		{0B5B0D6B-E513-41AA-B94E-EB3795759B10}.Release|Any CPU.ActiveCfg = Release|Any CPU
		{0B5B0D6B-E513-41AA-B94E-EB3795759B10}.Release|Any CPU.Build.0 = Release|Any CPU
		{1C5D52D6-3AFC-4967-A26C-B95020AEA63F}.Debug|Any CPU.ActiveCfg = Debug|Any CPU
		{1C5D52D6-3AFC-4967-A26C-B95020AEA63F}.Debug|Any CPU.Build.0 = Debug|Any CPU
		{1C5D52D6-3AFC-4967-A26C-B95020AEA63F}.Release|Any CPU.ActiveCfg = Release|Any CPU
		{1C5D52D6-3AFC-4967-A26C-B95020AEA63F}.Release|Any CPU.Build.0 = Release|Any CPU
	EndGlobalSection
	GlobalSection(SolutionProperties) = preSolution
		HideSolutionNode = FALSE
	EndGlobalSection
	GlobalSection(NestedProjects) = preSolution
		{02EA681E-C7D8-13C7-8484-4AC65E1B71E8} = {6DEE506D-1934-4A3D-8AB5-B8B2F8AA3A00}
		{ECA1201A-00AD-44B6-BC08-9D2D65F82DA5} = {6DEE506D-1934-4A3D-8AB5-B8B2F8AA3A00}
		{6E5069C3-08AF-4355-91FE-2602482056CF} = {ECA1201A-00AD-44B6-BC08-9D2D65F82DA5}
		{59CF6654-DAE9-4A3D-BB17-FA518930AE68} = {ECA1201A-00AD-44B6-BC08-9D2D65F82DA5}
		{FC7E58DA-69FB-4F52-BE25-B278ECD3F2D0} = {77CADAEF-655C-4857-B436-3CA0BA22641E}
		{77CADAEF-655C-4857-B436-3CA0BA22641E} = {6DEE506D-1934-4A3D-8AB5-B8B2F8AA3A00}
		{0B5B0D6B-E513-41AA-B94E-EB3795759B10} = {02EA681E-C7D8-13C7-8484-4AC65E1B71E8}
		{1C5D52D6-3AFC-4967-A26C-B95020AEA63F} = {77CADAEF-655C-4857-B436-3CA0BA22641E}
	EndGlobalSection
	GlobalSection(ExtensibilityGlobals) = postSolution
		SolutionGuid = {C84499CA-F85A-4B0A-B58D-950385873BDF}
	EndGlobalSection
EndGlobal
